
Microsoft Visual Studio Solution File, Format Version 12.00
Project("{FAE04EC0-301F-11D3-BF4B-00C04F79EFBC}") = "Module1_Basics", "Module1_Basics\Module1_Basics.csproj", "{9E29C8D2-546D-46E9-AB89-C72429C08784}"
EndProject
Project("{FAE04EC0-301F-11D3-BF4B-00C04F79EFBC}") = "Module2_ConditionalsAndLoops", "Module2_ConditionalsAndLoops\Module2_ConditionalsAndLoops.csproj", "{584E0595-F335-42BD-A0C1-05593172A3FF}"
EndProject
Project("{FAE04EC0-301F-11D3-BF4B-00C04F79EFBC}") = "Module3_Arrays", "Module3_Arrays\Module3_Arrays.csproj", "{04D604E1-0619-4AB6-9D15-329A40FD75E4}"
EndProject
Project("{FAE04EC0-301F-11D3-BF4B-00C04F79EFBC}") = "Module4_Functions", "Module4_Functions\Module4_Functions.csproj", "{A3D6FB1F-70CE-4340-8D3E-03A3804F71A8}"
EndProject
Global
	GlobalSection(SolutionConfigurationPlatforms) = preSolution
		Debug|Any CPU = Debug|Any CPU
		Release|Any CPU = Release|Any CPU
	EndGlobalSection
	GlobalSection(ProjectConfigurationPlatforms) = postSolution
		{9E29C8D2-546D-46E9-AB89-C72429C08784}.Debug|Any CPU.ActiveCfg = Debug|Any CPU
		{9E29C8D2-546D-46E9-AB89-C72429C08784}.Debug|Any CPU.Build.0 = Debug|Any CPU
		{9E29C8D2-546D-46E9-AB89-C72429C08784}.Release|Any CPU.ActiveCfg = Release|Any CPU
		{9E29C8D2-546D-46E9-AB89-C72429C08784}.Release|Any CPU.Build.0 = Release|Any CPU
		{584E0595-F335-42BD-A0C1-05593172A3FF}.Debug|Any CPU.ActiveCfg = Debug|Any CPU
		{584E0595-F335-42BD-A0C1-05593172A3FF}.Debug|Any CPU.Build.0 = Debug|Any CPU
		{584E0595-F335-42BD-A0C1-05593172A3FF}.Release|Any CPU.ActiveCfg = Release|Any CPU
		{584E0595-F335-42BD-A0C1-05593172A3FF}.Release|Any CPU.Build.0 = Release|Any CPU
		{04D604E1-0619-4AB6-9D15-329A40FD75E4}.Debug|Any CPU.ActiveCfg = Debug|Any CPU
		{04D604E1-0619-4AB6-9D15-329A40FD75E4}.Debug|Any CPU.Build.0 = Debug|Any CPU
		{04D604E1-0619-4AB6-9D15-329A40FD75E4}.Release|Any CPU.ActiveCfg = Release|Any CPU
		{04D604E1-0619-4AB6-9D15-329A40FD75E4}.Release|Any CPU.Build.0 = Release|Any CPU
		{A3D6FB1F-70CE-4340-8D3E-03A3804F71A8}.Debug|Any CPU.ActiveCfg = Debug|Any CPU
		{A3D6FB1F-70CE-4340-8D3E-03A3804F71A8}.Debug|Any CPU.Build.0 = Debug|Any CPU
		{A3D6FB1F-70CE-4340-8D3E-03A3804F71A8}.Release|Any CPU.ActiveCfg = Release|Any CPU
		{A3D6FB1F-70CE-4340-8D3E-03A3804F71A8}.Release|Any CPU.Build.0 = Release|Any CPU
	EndGlobalSection
EndGlobal
